
Microsoft Visual Studio Solution File, Format Version 12.00
# Visual Studio Version 17
VisualStudioVersion = 17.0.32126.317
MinimumVisualStudioVersion = 10.0.40219.1
Project("{2150E333-8FDC-42A3-9474-1A3956D46DE8}") = "Apis", "Apis", "{0C2A538A-2D4D-4526-AAF4-CFE42E46C827}"
EndProject
Project("{9A19103F-16F7-4668-BE54-9A1E7A4F7556}") = "WebAPI", "Apis\WebAPI\WebAPI.csproj", "{FCAF16BE-1A1A-4809-BE81-9183DC76AF1F}"
EndProject
Project("{9A19103F-16F7-4668-BE54-9A1E7A4F7556}") = "Application", "Apis\Application\Application.csproj", "{D4AB7D44-CE2B-4843-B2BB-1F85D69AF537}"
EndProject
Project("{9A19103F-16F7-4668-BE54-9A1E7A4F7556}") = "Domain", "Apis\Domain\Domain.csproj", "{924FD787-05E8-471A-B9BE-DB650F04E84D}"
EndProject
Project("{9A19103F-16F7-4668-BE54-9A1E7A4F7556}") = "Infrastructures", "Apis\Infrastructures\Infrastructures.csproj", "{7594A0B0-3986-488B-A984-F7BD7EFEFFCE}"
EndProject
Project("{2150E333-8FDC-42A3-9474-1A3956D46DE8}") = "Tests", "Tests", "{C7FA8B80-F33B-419C-90DA-95DAA25F4965}"
EndProject
Project("{FAE04EC0-301F-11D3-BF4B-00C04F79EFBC}") = "Domain.Tests", "Tests\Domain.Tests\Domain.Tests.csproj", "{56B58758-E988-4B86-BC1E-A0DBCB5AF11E}"
EndProject
Project("{FAE04EC0-301F-11D3-BF4B-00C04F79EFBC}") = "Infrastructure.Tests", "Tests\Infrastructure.Tests\Infrastructure.Tests.csproj", "{7C092E93-8F43-4667-B518-8F3FC7C81156}"
EndProject
Project("{FAE04EC0-301F-11D3-BF4B-00C04F79EFBC}") = "Application.Tests", "Tests\Application.Tests\Application.Tests.csproj", "{5DBB9CB8-8F44-4C5E-9697-DC4ABCE53E93}"
EndProject
Project("{FAE04EC0-301F-11D3-BF4B-00C04F79EFBC}") = "WebAPI.Tests", "Tests\WebAPI.Tests\WebAPI.Tests.csproj", "{9EF7C56C-B006-4499-A963-B23261E049F7}"
EndProject
Global
	GlobalSection(SolutionConfigurationPlatforms) = preSolution
		Debug|Any CPU = Debug|Any CPU
		Release|Any CPU = Release|Any CPU
	EndGlobalSection
	GlobalSection(ProjectConfigurationPlatforms) = postSolution
		{FCAF16BE-1A1A-4809-BE81-9183DC76AF1F}.Debug|Any CPU.ActiveCfg = Debug|Any CPU
		{FCAF16BE-1A1A-4809-BE81-9183DC76AF1F}.Debug|Any CPU.Build.0 = Debug|Any CPU
		{FCAF16BE-1A1A-4809-BE81-9183DC76AF1F}.Release|Any CPU.ActiveCfg = Release|Any CPU
		{FCAF16BE-1A1A-4809-BE81-9183DC76AF1F}.Release|Any CPU.Build.0 = Release|Any CPU
		{D4AB7D44-CE2B-4843-B2BB-1F85D69AF537}.Debug|Any CPU.ActiveCfg = Debug|Any CPU
		{D4AB7D44-CE2B-4843-B2BB-1F85D69AF537}.Debug|Any CPU.Build.0 = Debug|Any CPU
		{D4AB7D44-CE2B-4843-B2BB-1F85D69AF537}.Release|Any CPU.ActiveCfg = Release|Any CPU
		{D4AB7D44-CE2B-4843-B2BB-1F85D69AF537}.Release|Any CPU.Build.0 = Release|Any CPU
		{924FD787-05E8-471A-B9BE-DB650F04E84D}.Debug|Any CPU.ActiveCfg = Debug|Any CPU
		{924FD787-05E8-471A-B9BE-DB650F04E84D}.Debug|Any CPU.Build.0 = Debug|Any CPU
		{924FD787-05E8-471A-B9BE-DB650F04E84D}.Release|Any CPU.ActiveCfg = Release|Any CPU
		{924FD787-05E8-471A-B9BE-DB650F04E84D}.Release|Any CPU.Build.0 = Release|Any CPU
		{7594A0B0-3986-488B-A984-F7BD7EFEFFCE}.Debug|Any CPU.ActiveCfg = Debug|Any CPU
		{7594A0B0-3986-488B-A984-F7BD7EFEFFCE}.Debug|Any CPU.Build.0 = Debug|Any CPU
		{7594A0B0-3986-488B-A984-F7BD7EFEFFCE}.Release|Any CPU.ActiveCfg = Release|Any CPU
		{7594A0B0-3986-488B-A984-F7BD7EFEFFCE}.Release|Any CPU.Build.0 = Release|Any CPU
		{420917B7-4747-401D-91BE-F777983ABAC8}.Debug|Any CPU.ActiveCfg = Debug|Any CPU
		{420917B7-4747-401D-91BE-F777983ABAC8}.Debug|Any CPU.Build.0 = Debug|Any CPU
		{420917B7-4747-401D-91BE-F777983ABAC8}.Release|Any CPU.ActiveCfg = Release|Any CPU
		{420917B7-4747-401D-91BE-F777983ABAC8}.Release|Any CPU.Build.0 = Release|Any CPU
		{2ABC96CD-4C6A-46A3-93DB-F216013C6D92}.Debug|Any CPU.ActiveCfg = Debug|Any CPU
		{2ABC96CD-4C6A-46A3-93DB-F216013C6D92}.Debug|Any CPU.Build.0 = Debug|Any CPU
		{2ABC96CD-4C6A-46A3-93DB-F216013C6D92}.Release|Any CPU.ActiveCfg = Release|Any CPU
		{2ABC96CD-4C6A-46A3-93DB-F216013C6D92}.Release|Any CPU.Build.0 = Release|Any CPU
		{B22864E5-15B9-4EB7-896C-2DC67E293832}.Debug|Any CPU.ActiveCfg = Debug|Any CPU
		{B22864E5-15B9-4EB7-896C-2DC67E293832}.Debug|Any CPU.Build.0 = Debug|Any CPU
		{B22864E5-15B9-4EB7-896C-2DC67E293832}.Release|Any CPU.ActiveCfg = Release|Any CPU
		{B22864E5-15B9-4EB7-896C-2DC67E293832}.Release|Any CPU.Build.0 = Release|Any CPU
		{8DFD6BAE-3567-466F-A9D4-D7CB73F77BAE}.Debug|Any CPU.ActiveCfg = Debug|Any CPU
		{8DFD6BAE-3567-466F-A9D4-D7CB73F77BAE}.Debug|Any CPU.Build.0 = Debug|Any CPU
		{8DFD6BAE-3567-466F-A9D4-D7CB73F77BAE}.Release|Any CPU.ActiveCfg = Release|Any CPU
		{8DFD6BAE-3567-466F-A9D4-D7CB73F77BAE}.Release|Any CPU.Build.0 = Release|Any CPU
		{56B58758-E988-4B86-BC1E-A0DBCB5AF11E}.Debug|Any CPU.ActiveCfg = Debug|Any CPU
		{56B58758-E988-4B86-BC1E-A0DBCB5AF11E}.Debug|Any CPU.Build.0 = Debug|Any CPU
		{56B58758-E988-4B86-BC1E-A0DBCB5AF11E}.Release|Any CPU.ActiveCfg = Release|Any CPU
		{56B58758-E988-4B86-BC1E-A0DBCB5AF11E}.Release|Any CPU.Build.0 = Release|Any CPU
		{7C092E93-8F43-4667-B518-8F3FC7C81156}.Debug|Any CPU.ActiveCfg = Debug|Any CPU
		{7C092E93-8F43-4667-B518-8F3FC7C81156}.Debug|Any CPU.Build.0 = Debug|Any CPU
		{7C092E93-8F43-4667-B518-8F3FC7C81156}.Release|Any CPU.ActiveCfg = Release|Any CPU
		{7C092E93-8F43-4667-B518-8F3FC7C81156}.Release|Any CPU.Build.0 = Release|Any CPU
		{5DBB9CB8-8F44-4C5E-9697-DC4ABCE53E93}.Debug|Any CPU.ActiveCfg = Debug|Any CPU
		{5DBB9CB8-8F44-4C5E-9697-DC4ABCE53E93}.Debug|Any CPU.Build.0 = Debug|Any CPU
		{5DBB9CB8-8F44-4C5E-9697-DC4ABCE53E93}.Release|Any CPU.ActiveCfg = Release|Any CPU
		{5DBB9CB8-8F44-4C5E-9697-DC4ABCE53E93}.Release|Any CPU.Build.0 = Release|Any CPU
		{9EF7C56C-B006-4499-A963-B23261E049F7}.Debug|Any CPU.ActiveCfg = Debug|Any CPU
		{9EF7C56C-B006-4499-A963-B23261E049F7}.Debug|Any CPU.Build.0 = Debug|Any CPU
		{9EF7C56C-B006-4499-A963-B23261E049F7}.Release|Any CPU.ActiveCfg = Release|Any CPU
		{9EF7C56C-B006-4499-A963-B23261E049F7}.Release|Any CPU.Build.0 = Release|Any CPU
	EndGlobalSection
	GlobalSection(SolutionProperties) = preSolution
		HideSolutionNode = FALSE
	EndGlobalSection
	GlobalSection(NestedProjects) = preSolution
		{FCAF16BE-1A1A-4809-BE81-9183DC76AF1F} = {0C2A538A-2D4D-4526-AAF4-CFE42E46C827}
		{D4AB7D44-CE2B-4843-B2BB-1F85D69AF537} = {0C2A538A-2D4D-4526-AAF4-CFE42E46C827}
		{924FD787-05E8-471A-B9BE-DB650F04E84D} = {0C2A538A-2D4D-4526-AAF4-CFE42E46C827}
		{7594A0B0-3986-488B-A984-F7BD7EFEFFCE} = {0C2A538A-2D4D-4526-AAF4-CFE42E46C827}
		{56B58758-E988-4B86-BC1E-A0DBCB5AF11E} = {C7FA8B80-F33B-419C-90DA-95DAA25F4965}
		{7C092E93-8F43-4667-B518-8F3FC7C81156} = {C7FA8B80-F33B-419C-90DA-95DAA25F4965}
		{5DBB9CB8-8F44-4C5E-9697-DC4ABCE53E93} = {C7FA8B80-F33B-419C-90DA-95DAA25F4965}
		{9EF7C56C-B006-4499-A963-B23261E049F7} = {C7FA8B80-F33B-419C-90DA-95DAA25F4965}
	EndGlobalSection
	GlobalSection(ExtensibilityGlobals) = postSolution
		SolutionGuid = {01B62888-0FB2-464E-B127-7501A1F89AF9}
	EndGlobalSection
EndGlobal
